{
  "name": "DreamShare",
  "version": "1.0.0",
  "lockfileVersion": 2,
  "requires": true,
  "packages": {
    "": {
      "name": "DreamShare",
      "version": "1.0.0",
      "license": "ISC",
      "dependencies": {
        "@lucky-canvas/mini": "^0.0.7",
        "@vant/area-data": "^1.1.3",
        "@vant/weapp": "^1.9.2"
      }
    },
    "node_modules/@lucky-canvas/mini": {
      "version": "0.0.7",
      "resolved": "https://registry.npmjs.org/@lucky-canvas/mini/-/mini-0.0.7.tgz",
      "integrity": "sha512-xJ7vXIzxeyZrL9CmTkMMtFEqRYFpeYlMgEPZ3EkoUOi121D/pXraZx/pVqlEOVhKOfJIhGJGJTswWycyfzKbpQ==",
      "dependencies": {
        "lucky-canvas": "~1.7.24"
      }
    },
    "node_modules/@vant/area-data": {
      "version": "1.1.3",
      "resolved": "https://registry.npmjs.org/@vant/area-data/-/area-data-1.1.3.tgz",
      "integrity": "sha512-RLPVLVG7tINIASaKfLXZGw8Z83S9DDuln0CPDwAASSNmUb7busFWPVZKscP79znTErkog7kdfAQMtN9+oz7PHQ=="
    },
    "node_modules/@vant/weapp": {
      "version": "1.9.2",
      "resolved": "https://registry.npmjs.org/@vant/weapp/-/weapp-1.9.2.tgz",
      "integrity": "sha512-brz1JLiXZev4u6cQFyDrGX5xddOHKwKUDgfbUrpqMcpW+dliV4oXMtkDt0rRNfYcEHyfewbvW9O+aas6KJUJYw=="
    },
    "node_modules/lucky-canvas": {
      "version": "1.7.25",
      "resolved": "https://registry.npmjs.org/lucky-canvas/-/lucky-canvas-1.7.25.tgz",
      "integrity": "sha512-ZB/ifYmgjdriAaH9vtigfY1zBy0TDxTVuELgElTGUm7k+YYLW8yMI6uJZiy2wpKxRsXyN4uaSX1HbD1XkIitJg=="
    }
  },
  "dependencies": {
    "@lucky-canvas/mini": {
      "version": "0.0.7",
      "resolved": "https://registry.npmjs.org/@lucky-canvas/mini/-/mini-0.0.7.tgz",
      "integrity": "sha512-xJ7vXIzxeyZrL9CmTkMMtFEqRYFpeYlMgEPZ3EkoUOi121D/pXraZx/pVqlEOVhKOfJIhGJGJTswWycyfzKbpQ==",
      "requires": {
        "lucky-canvas": "~1.7.24"
      }
    },
    "@vant/area-data": {
      "version": "1.1.3",
      "resolved": "https://registry.npmjs.org/@vant/area-data/-/area-data-1.1.3.tgz",
      "integrity": "sha512-RLPVLVG7tINIASaKfLXZGw8Z83S9DDuln0CPDwAASSNmUb7busFWPVZKscP79znTErkog7kdfAQMtN9+oz7PHQ=="
    },
    "@vant/weapp": {
      "version": "1.9.2",
      "resolved": "https://registry.npmjs.org/@vant/weapp/-/weapp-1.9.2.tgz",
      "integrity": "sha512-brz1JLiXZev4u6cQFyDrGX5xddOHKwKUDgfbUrpqMcpW+dliV4oXMtkDt0rRNfYcEHyfewbvW9O+aas6KJUJYw=="
    },
    "lucky-canvas": {
      "version": "1.7.25",
      "resolved": "https://registry.npmjs.org/lucky-canvas/-/lucky-canvas-1.7.25.tgz",
      "integrity": "sha512-ZB/ifYmgjdriAaH9vtigfY1zBy0TDxTVuELgElTGUm7k+YYLW8yMI6uJZiy2wpKxRsXyN4uaSX1HbD1XkIitJg=="
    }
  }
}
